
Microsoft Visual Studio Solution File, Format Version 12.00
# Visual Studio Version 16
VisualStudioVersion = 16.0.31321.278
MinimumVisualStudioVersion = 10.0.40219.1
Project("{FAE04EC0-301F-11D3-BF4B-00C04F79EFBC}") = "jQuery_MVC_CRUD", "jQuery_MVC_CRUD\jQuery_MVC_CRUD.csproj", "{2394D546-BA0A-4D9B-9277-36A7E69B9D66}"
EndProject
Project("{FAE04EC0-301F-11D3-BF4B-00C04F79EFBC}") = "jQuery_MVC_CRUD.Tests", "jQuery_MVC_CRUD.Tests\jQuery_MVC_CRUD.Tests.csproj", "{8EAF1684-42E0-4F59-94F4-069DB53992F2}"
EndProject
Global
	GlobalSection(SolutionConfigurationPlatforms) = preSolution
		Debug|Any CPU = Debug|Any CPU
		Release|Any CPU = Release|Any CPU
	EndGlobalSection
	GlobalSection(ProjectConfigurationPlatforms) = postSolution
		{2394D546-BA0A-4D9B-9277-36A7E69B9D66}.Debug|Any CPU.ActiveCfg = Debug|Any CPU
		{2394D546-BA0A-4D9B-9277-36A7E69B9D66}.Debug|Any CPU.Build.0 = Debug|Any CPU
		{2394D546-BA0A-4D9B-9277-36A7E69B9D66}.Release|Any CPU.ActiveCfg = Release|Any CPU
		{2394D546-BA0A-4D9B-9277-36A7E69B9D66}.Release|Any CPU.Build.0 = Release|Any CPU
		{8EAF1684-42E0-4F59-94F4-069DB53992F2}.Debug|Any CPU.ActiveCfg = Debug|Any CPU
		{8EAF1684-42E0-4F59-94F4-069DB53992F2}.Debug|Any CPU.Build.0 = Debug|Any CPU
		{8EAF1684-42E0-4F59-94F4-069DB53992F2}.Release|Any CPU.ActiveCfg = Release|Any CPU
		{8EAF1684-42E0-4F59-94F4-069DB53992F2}.Release|Any CPU.Build.0 = Release|Any CPU
	EndGlobalSection
	GlobalSection(SolutionProperties) = preSolution
		HideSolutionNode = FALSE
	EndGlobalSection
	GlobalSection(ExtensibilityGlobals) = postSolution
		SolutionGuid = {28D26BA5-6258-47FB-86CD-1C24AFB89E4C}
	EndGlobalSection
EndGlobal
